
Microsoft Visual Studio Solution File, Format Version 12.00
# Visual Studio Version 16
VisualStudioVersion = 16.0.32428.217
MinimumVisualStudioVersion = 10.0.40219.1
Project("{FAE04EC0-301F-11D3-BF4B-00C04F79EFBC}") = "NoidDominos", "NoidDominos.csproj", "{59378E0A-AB9B-4A84-8A19-6C701B8FAE8B}"
EndProject
Global
	GlobalSection(SolutionConfigurationPlatforms) = preSolution
		Debug|Any CPU = Debug|Any CPU
		Debug|x86 = Debug|x86
		Release|Any CPU = Release|Any CPU
		Release|x86 = Release|x86
		ReleaseLite|Any CPU = ReleaseLite|Any CPU
		ReleaseLite|x86 = ReleaseLite|x86
	EndGlobalSection
	GlobalSection(ProjectConfigurationPlatforms) = postSolution
		{59378E0A-AB9B-4A84-8A19-6C701B8FAE8B}.Debug|Any CPU.ActiveCfg = Debug|Any CPU
		{59378E0A-AB9B-4A84-8A19-6C701B8FAE8B}.Debug|Any CPU.Build.0 = Debug|Any CPU
		{59378E0A-AB9B-4A84-8A19-6C701B8FAE8B}.Debug|x86.ActiveCfg = Debug|Any CPU
		{59378E0A-AB9B-4A84-8A19-6C701B8FAE8B}.Debug|x86.Build.0 = Debug|Any CPU
		{59378E0A-AB9B-4A84-8A19-6C701B8FAE8B}.Release|Any CPU.ActiveCfg = Release|Any CPU
		{59378E0A-AB9B-4A84-8A19-6C701B8FAE8B}.Release|Any CPU.Build.0 = Release|Any CPU
		{59378E0A-AB9B-4A84-8A19-6C701B8FAE8B}.Release|x86.ActiveCfg = Release|Any CPU
		{59378E0A-AB9B-4A84-8A19-6C701B8FAE8B}.Release|x86.Build.0 = Release|Any CPU
		{59378E0A-AB9B-4A84-8A19-6C701B8FAE8B}.ReleaseLite|Any CPU.ActiveCfg = Release|Any CPU
		{59378E0A-AB9B-4A84-8A19-6C701B8FAE8B}.ReleaseLite|Any CPU.Build.0 = Release|Any CPU
		{59378E0A-AB9B-4A84-8A19-6C701B8FAE8B}.ReleaseLite|x86.ActiveCfg = Release|Any CPU
		{59378E0A-AB9B-4A84-8A19-6C701B8FAE8B}.ReleaseLite|x86.Build.0 = Release|Any CPU
	EndGlobalSection
	GlobalSection(SolutionProperties) = preSolution
		HideSolutionNode = FALSE
	EndGlobalSection
	GlobalSection(ExtensibilityGlobals) = postSolution
		SolutionGuid = {2C450732-BB09-4783-A69D-AA7A68D95B9C}
	EndGlobalSection
EndGlobal
